
Microsoft Visual Studio Solution File, Format Version 11.00
# Visual Studio 2010
Project("{F184B08F-C81C-45F6-A57F-5ABD9991F28F}") = "penjualan", "penjualan\penjualan.vbproj", "{C3904E20-B6F5-4AB8-88A3-5D8799A4B305}"
EndProject
Global
	GlobalSection(SolutionConfigurationPlatforms) = preSolution
		Debug|x86 = Debug|x86
		Release|x86 = Release|x86
	EndGlobalSection
	GlobalSection(ProjectConfigurationPlatforms) = postSolution
		{C3904E20-B6F5-4AB8-88A3-5D8799A4B305}.Debug|x86.ActiveCfg = Debug|x86
		{C3904E20-B6F5-4AB8-88A3-5D8799A4B305}.Debug|x86.Build.0 = Debug|x86
		{C3904E20-B6F5-4AB8-88A3-5D8799A4B305}.Release|x86.ActiveCfg = Release|x86
		{C3904E20-B6F5-4AB8-88A3-5D8799A4B305}.Release|x86.Build.0 = Release|x86
	EndGlobalSection
	GlobalSection(SolutionProperties) = preSolution
		HideSolutionNode = FALSE
	EndGlobalSection
EndGlobal
